{
  "name": "ajs-sample",
  "version": "1.0.0",
  "lockfileVersion": 1,
  "requires": true,
  "dependencies": {
    "@vickie-pickie/ajs": {
      "version": "1.0.0",
      "resolved": "https://npm.pkg.github.com/download/@vickie-pickie/ajs/1.0.0/1c1f721d45058b8d2102694e1568c7d77d28810afdb20c0da159917713c2071a",
      "integrity": "sha512-+7wACCB4/vJAFWwMqqSCrrgUKroXzV2J1wOOxvY6uJVCmxuITwN9rtsV6yFs6HRibDEf7KMjI+zVAuQ3556MQg=="
    }
  }
}
